// !$*UTF8*$!
{
	archiveVersion = 1;
	classes = {
	};
	objectVersion = 50;
	objects = {

/* Begin PBXBuildFile section */
		6D6DFBA520F719B3003C3C16 /* AppDelegate.swift in Sources */ = {isa = PBXBuildFile; fileRef = 6D6DFBA420F719B3003C3C16 /* AppDelegate.swift */; };
		6D6DFBA720F719B3003C3C16 /* ViewController.swift in Sources */ = {isa = PBXBuildFile; fileRef = 6D6DFBA620F719B3003C3C16 /* ViewController.swift */; };
		6D6DFBAA20F719B3003C3C16 /* Main.storyboard in Resources */ = {isa = PBXBuildFile; fileRef = 6D6DFBA820F719B3003C3C16 /* Main.storyboard */; };
		6D6DFBAC20F719B5003C3C16 /* Assets.xcassets in Resources */ = {isa = PBXBuildFile; fileRef = 6D6DFBAB20F719B5003C3C16 /* Assets.xcassets */; };
		6D6DFBAF20F719B5003C3C16 /* LaunchScreen.storyboard in Resources */ = {isa = PBXBuildFile; fileRef = 6D6DFBAD20F719B5003C3C16 /* LaunchScreen.storyboard */; };
		6D6DFBBA20F719B5003C3C16 /* bitrise_playgroundTests.swift in Sources */ = {isa = PBXBuildFile; fileRef = 6D6DFBB920F719B5003C3C16 /* bitrise_playgroundTests.swift */; };
		6D6DFBC520F719B5003C3C16 /* bitrise_playgroundUITests.swift in Sources */ = {isa = PBXBuildFile; fileRef = 6D6DFBC420F719B5003C3C16 /* bitrise_playgroundUITests.swift */; };
/* End PBXBuildFile section */

/* Begin PBXContainerItemProxy section */
		6D6DFBB620F719B5003C3C16 /* PBXContainerItemProxy */ = {
			isa = PBXContainerItemProxy;
			containerPortal = 6D6DFB9920F719B3003C3C16 /* Project object */;
			proxyType = 1;
			remoteGlobalIDString = 6D6DFBA020F719B3003C3C16;
			remoteInfo = "bitrise-playground";
		};
		6D6DFBC120F719B5003C3C16 /* PBXContainerItemProxy */ = {
			isa = PBXContainerItemProxy;
			containerPortal = 6D6DFB9920F719B3003C3C16 /* Project object */;
			proxyType = 1;
			remoteGlobalIDString = 6D6DFBA020F719B3003C3C16;
			remoteInfo = "bitrise-playground";
		};
/* End PBXContainerItemProxy section */

/* Begin PBXFileReference section */
		6D6DFBA120F719B3003C3C16 /* bitrise-playground.app */ = {isa = PBXFileReference; explicitFileType = wrapper.application; includeInIndex = 0; path = "bitrise-playground.app"; sourceTree = BUILT_PRODUCTS_DIR; };
		6D6DFBA420F719B3003C3C16 /* AppDelegate.swift */ = {isa = PBXFileReference; lastKnownFileType = sourcecode.swift; path = AppDelegate.swift; sourceTree = "<group>"; };
		6D6DFBA620F719B3003C3C16 /* ViewController.swift */ = {isa = PBXFileReference; lastKnownFileType = sourcecode.swift; path = ViewController.swift; sourceTree = "<group>"; };
		6D6DFBA920F719B3003C3C16 /* Base */ = {isa = PBXFileReference; lastKnownFileType = file.storyboard; name = Base; path = Base.lproj/Main.storyboard; sourceTree = "<group>"; };
		6D6DFBAB20F719B5003C3C16 /* Assets.xcassets */ = {isa = PBXFileReference; lastKnownFileType = folder.assetcatalog; path = Assets.xcassets; sourceTree = "<group>"; };
		6D6DFBAE20F719B5003C3C16 /* Base */ = {isa = PBXFileReference; lastKnownFileType = file.storyboard; name = Base; path = Base.lproj/LaunchScreen.storyboard; sourceTree = "<group>"; };
		6D6DFBB020F719B5003C3C16 /* Info.plist */ = {isa = PBXFileReference; lastKnownFileType = text.plist.xml; path = Info.plist; sourceTree = "<group>"; };
		6D6DFBB520F719B5003C3C16 /* bitrise-playgroundTests.xctest */ = {isa = PBXFileReference; explicitFileType = wrapper.cfbundle; includeInIndex = 0; path = "bitrise-playgroundTests.xctest"; sourceTree = BUILT_PRODUCTS_DIR; };
		6D6DFBB920F719B5003C3C16 /* bitrise_playgroundTests.swift */ = {isa = PBXFileReference; lastKnownFileType = sourcecode.swift; path = bitrise_playgroundTests.swift; sourceTree = "<group>"; };
		6D6DFBBB20F719B5003C3C16 /* Info.plist */ = {isa = PBXFileReference; lastKnownFileType = text.plist.xml; path = Info.plist; sourceTree = "<group>"; };
		6D6DFBC020F719B5003C3C16 /* bitrise-playgroundUITests.xctest */ = {isa = PBXFileReference; explicitFileType = wrapper.cfbundle; includeInIndex = 0; path = "bitrise-playgroundUITests.xctest"; sourceTree = BUILT_PRODUCTS_DIR; };
		6D6DFBC420F719B5003C3C16 /* bitrise_playgroundUITests.swift */ = {isa = PBXFileReference; lastKnownFileType = sourcecode.swift; path = bitrise_playgroundUITests.swift; sourceTree = "<group>"; };
		6D6DFBC620F719B5003C3C16 /* Info.plist */ = {isa = PBXFileReference; lastKnownFileType = text.plist.xml; path = Info.plist; sourceTree = "<group>"; };
/* End PBXFileReference section */

/* Begin PBXFrameworksBuildPhase section */
		6D6DFB9E20F719B3003C3C16 /* Frameworks */ = {
			isa = PBXFrameworksBuildPhase;
			buildActionMask = 2147483647;
			files = (
			);
			runOnlyForDeploymentPostprocessing = 0;
		};
		6D6DFBB220F719B5003C3C16 /* Frameworks */ = {
			isa = PBXFrameworksBuildPhase;
			buildActionMask = 2147483647;
			files = (
			);
			runOnlyForDeploymentPostprocessing = 0;
		};
		6D6DFBBD20F719B5003C3C16 /* Frameworks */ = {
			isa = PBXFrameworksBuildPhase;
			buildActionMask = 2147483647;
			files = (
			);
			runOnlyForDeploymentPostprocessing = 0;
		};
/* End PBXFrameworksBuildPhase section */

/* Begin PBXGroup section */
		6D6DFB9820F719B3003C3C16 = {
			isa = PBXGroup;
			children = (
				6D6DFBA320F719B3003C3C16 /* bitrise-playground */,
				6D6DFBB820F719B5003C3C16 /* bitrise-playgroundTests */,
				6D6DFBC320F719B5003C3C16 /* bitrise-playgroundUITests */,
				6D6DFBA220F719B3003C3C16 /* Products */,
			);
			sourceTree = "<group>";
		};
		6D6DFBA220F719B3003C3C16 /* Products */ = {
			isa = PBXGroup;
			children = (
				6D6DFBA120F719B3003C3C16 /* bitrise-playground.app */,
				6D6DFBB520F719B5003C3C16 /* bitrise-playgroundTests.xctest */,
				6D6DFBC020F719B5003C3C16 /* bitrise-playgroundUITests.xctest */,
			);
			name = Products;
			sourceTree = "<group>";
		};
		6D6DFBA320F719B3003C3C16 /* bitrise-playground */ = {
			isa = PBXGroup;
			children = (
				6D6DFBA420F719B3003C3C16 /* AppDelegate.swift */,
				6D6DFBA620F719B3003C3C16 /* ViewController.swift */,
				6D6DFBA820F719B3003C3C16 /* Main.storyboard */,
				6D6DFBAB20F719B5003C3C16 /* Assets.xcassets */,
				6D6DFBAD20F719B5003C3C16 /* LaunchScreen.storyboard */,
				6D6DFBB020F719B5003C3C16 /* Info.plist */,
			);
			path = "bitrise-playground";
			sourceTree = "<group>";
		};
		6D6DFBB820F719B5003C3C16 /* bitrise-playgroundTests */ = {
			isa = PBXGroup;
			children = (
				6D6DFBB920F719B5003C3C16 /* bitrise_playgroundTests.swift */,
				6D6DFBBB20F719B5003C3C16 /* Info.plist */,
			);
			path = "bitrise-playgroundTests";
			sourceTree = "<group>";
		};
		6D6DFBC320F719B5003C3C16 /* bitrise-playgroundUITests */ = {
			isa = PBXGroup;
			children = (
				6D6DFBC420F719B5003C3C16 /* bitrise_playgroundUITests.swift */,
				6D6DFBC620F719B5003C3C16 /* Info.plist */,
			);
			path = "bitrise-playgroundUITests";
			sourceTree = "<group>";
		};
/* End PBXGroup section */

/* Begin PBXNativeTarget section */
		6D6DFBA020F719B3003C3C16 /* bitrise-playground */ = {
			isa = PBXNativeTarget;
			buildConfigurationList = 6D6DFBC920F719B5003C3C16 /* Build configuration list for PBXNativeTarget "bitrise-playground" */;
			buildPhases = (
				6D6DFB9D20F719B3003C3C16 /* Sources */,
				6D6DFB9E20F719B3003C3C16 /* Frameworks */,
				6D6DFB9F20F719B3003C3C16 /* Resources */,
			);
			buildRules = (
			);
			dependencies = (
			);
			name = "bitrise-playground";
			productName = "bitrise-playground";
			productReference = 6D6DFBA120F719B3003C3C16 /* bitrise-playground.app */;
			productType = "com.apple.product-type.application";
		};
		6D6DFBB420F719B5003C3C16 /* bitrise-playgroundTests */ = {
			isa = PBXNativeTarget;
			buildConfigurationList = 6D6DFBCC20F719B5003C3C16 /* Build configuration list for PBXNativeTarget "bitrise-playgroundTests" */;
			buildPhases = (
				6D6DFBB120F719B5003C3C16 /* Sources */,
				6D6DFBB220F719B5003C3C16 /* Frameworks */,
				6D6DFBB320F719B5003C3C16 /* Resources */,
			);
			buildRules = (
			);
			dependencies = (
				6D6DFBB720F719B5003C3C16 /* PBXTargetDependency */,
			);
			name = "bitrise-playgroundTests";
			productName = "bitrise-playgroundTests";
			productReference = 6D6DFBB520F719B5003C3C16 /* bitrise-playgroundTests.xctest */;
			productType = "com.apple.product-type.bundle.unit-test";
		};
		6D6DFBBF20F719B5003C3C16 /* bitrise-playgroundUITests */ = {
			isa = PBXNativeTarget;
			buildConfigurationList = 6D6DFBCF20F719B5003C3C16 /* Build configuration list for PBXNativeTarget "bitrise-playgroundUITests" */;
			buildPhases = (
				6D6DFBBC20F719B5003C3C16 /* Sources */,
				6D6DFBBD20F719B5003C3C16 /* Frameworks */,
				6D6DFBBE20F719B5003C3C16 /* Resources */,
			);
			buildRules = (
			);
			dependencies = (
				6D6DFBC220F719B5003C3C16 /* PBXTargetDependency */,
			);
			name = "bitrise-playgroundUITests";
			productName = "bitrise-playgroundUITests";
			productReference = 6D6DFBC020F719B5003C3C16 /* bitrise-playgroundUITests.xctest */;
			productType = "com.apple.product-type.bundle.ui-testing";
		};
/* End PBXNativeTarget section */

/* Begin PBXProject section */
		6D6DFB9920F719B3003C3C16 /* Project object */ = {
			isa = PBXProject;
			attributes = {
				LastSwiftUpdateCheck = 0930;
				LastUpgradeCheck = 0930;
				ORGANIZATIONNAME = "hakashun-playground";
				TargetAttributes = {
					6D6DFBA020F719B3003C3C16 = {
						CreatedOnToolsVersion = 9.3;
					};
					6D6DFBB420F719B5003C3C16 = {
						CreatedOnToolsVersion = 9.3;
						TestTargetID = 6D6DFBA020F719B3003C3C16;
					};
					6D6DFBBF20F719B5003C3C16 = {
						CreatedOnToolsVersion = 9.3;
						TestTargetID = 6D6DFBA020F719B3003C3C16;
					};
				};
			};
			buildConfigurationList = 6D6DFB9C20F719B3003C3C16 /* Build configuration list for PBXProject "bitrise-playground" */;
			compatibilityVersion = "Xcode 9.3";
			developmentRegion = en;
			hasScannedForEncodings = 0;
			knownRegions = (
				en,
				Base,
			);
			mainGroup = 6D6DFB9820F719B3003C3C16;
			productRefGroup = 6D6DFBA220F719B3003C3C16 /* Products */;
			projectDirPath = "";
			projectRoot = "";
			targets = (
				6D6DFBA020F719B3003C3C16 /* bitrise-playground */,
				6D6DFBB420F719B5003C3C16 /* bitrise-playgroundTests */,
				6D6DFBBF20F719B5003C3C16 /* bitrise-playgroundUITests */,
			);
		};
/* End PBXProject section */

/* Begin PBXResourcesBuildPhase section */
		6D6DFB9F20F719B3003C3C16 /* Resources */ = {
			isa = PBXResourcesBuildPhase;
			buildActionMask = 2147483647;
			files = (
				6D6DFBAF20F719B5003C3C16 /* LaunchScreen.storyboard in Resources */,
				6D6DFBAC20F719B5003C3C16 /* Assets.xcassets in Resources */,
				6D6DFBAA20F719B3003C3C16 /* Main.storyboard in Resources */,
			);
			runOnlyForDeploymentPostprocessing = 0;
		};
		6D6DFBB320F719B5003C3C16 /* Resources */ = {
			isa = PBXResourcesBuildPhase;
			buildActionMask = 2147483647;
			files = (
			);
			runOnlyForDeploymentPostprocessing = 0;
		};
		6D6DFBBE20F719B5003C3C16 /* Resources */ = {
			isa = PBXResourcesBuildPhase;
			buildActionMask = 2147483647;
			files = (
			);
			runOnlyForDeploymentPostprocessing = 0;
		};
/* End PBXResourcesBuildPhase section */

/* Begin PBXSourcesBuildPhase section */
		6D6DFB9D20F719B3003C3C16 /* Sources */ = {
			isa = PBXSourcesBuildPhase;
			buildActionMask = 2147483647;
			files = (
				6D6DFBA720F719B3003C3C16 /* ViewController.swift in Sources */,
				6D6DFBA520F719B3003C3C16 /* AppDelegate.swift in Sources */,
			);
			runOnlyForDeploymentPostprocessing = 0;
		};
		6D6DFBB120F719B5003C3C16 /* Sources */ = {
			isa = PBXSourcesBuildPhase;
			buildActionMask = 2147483647;
			files = (
				6D6DFBBA20F719B5003C3C16 /* bitrise_playgroundTests.swift in Sources */,
			);
			runOnlyForDeploymentPostprocessing = 0;
		};
		6D6DFBBC20F719B5003C3C16 /* Sources */ = {
			isa = PBXSourcesBuildPhase;
			buildActionMask = 2147483647;
			files = (
				6D6DFBC520F719B5003C3C16 /* bitrise_playgroundUITests.swift in Sources */,
			);
			runOnlyForDeploymentPostprocessing = 0;
		};
/* End PBXSourcesBuildPhase section */

/* Begin PBXTargetDependency section */
		6D6DFBB720F719B5003C3C16 /* PBXTargetDependency */ = {
			isa = PBXTargetDependency;
			target = 6D6DFBA020F719B3003C3C16 /* bitrise-playground */;
			targetProxy = 6D6DFBB620F719B5003C3C16 /* PBXContainerItemProxy */;
		};
		6D6DFBC220F719B5003C3C16 /* PBXTargetDependency */ = {
			isa = PBXTargetDependency;
			target = 6D6DFBA020F719B3003C3C16 /* bitrise-playground */;
			targetProxy = 6D6DFBC120F719B5003C3C16 /* PBXContainerItemProxy */;
		};
/* End PBXTargetDependency section */

/* Begin PBXVariantGroup section */
		6D6DFBA820F719B3003C3C16 /* Main.storyboard */ = {
			isa = PBXVariantGroup;
			children = (
				6D6DFBA920F719B3003C3C16 /* Base */,
			);
			name = Main.storyboard;
			sourceTree = "<group>";
		};
		6D6DFBAD20F719B5003C3C16 /* LaunchScreen.storyboard */ = {
			isa = PBXVariantGroup;
			children = (
				6D6DFBAE20F719B5003C3C16 /* Base */,
			);
			name = LaunchScreen.storyboard;
			sourceTree = "<group>";
		};
/* End PBXVariantGroup section */

/* Begin XCBuildConfiguration section */
		6D6DFBC720F719B5003C3C16 /* Debug */ = {
			isa = XCBuildConfiguration;
			buildSettings = {
				ALWAYS_SEARCH_USER_PATHS = NO;
				CLANG_ANALYZER_NONNULL = YES;
				CLANG_ANALYZER_NUMBER_OBJECT_CONVERSION = YES_AGGRESSIVE;
				CLANG_CXX_LANGUAGE_STANDARD = "gnu++14";
				CLANG_CXX_LIBRARY = "libc++";
				CLANG_ENABLE_MODULES = YES;
				CLANG_ENABLE_OBJC_ARC = YES;
				CLANG_ENABLE_OBJC_WEAK = YES;
				CLANG_WARN_BLOCK_CAPTURE_AUTORELEASING = YES;
				CLANG_WARN_BOOL_CONVERSION = YES;
				CLANG_WARN_COMMA = YES;
				CLANG_WARN_CONSTANT_CONVERSION = YES;
				CLANG_WARN_DEPRECATED_OBJC_IMPLEMENTATIONS = YES;
				CLANG_WARN_DIRECT_OBJC_ISA_USAGE = YES_ERROR;
				CLANG_WARN_DOCUMENTATION_COMMENTS = YES;
				CLANG_WARN_EMPTY_BODY = YES;
				CLANG_WARN_ENUM_CONVERSION = YES;
				CLANG_WARN_INFINITE_RECURSION = YES;
				CLANG_WARN_INT_CONVERSION = YES;
				CLANG_WARN_NON_LITERAL_NULL_CONVERSION = YES;
				CLANG_WARN_OBJC_IMPLICIT_RETAIN_SELF = YES;
				CLANG_WARN_OBJC_LITERAL_CONVERSION = YES;
				CLANG_WARN_OBJC_ROOT_CLASS = YES_ERROR;
				CLANG_WARN_RANGE_LOOP_ANALYSIS = YES;
				CLANG_WARN_STRICT_PROTOTYPES = YES;
				CLANG_WARN_SUSPICIOUS_MOVE = YES;
				CLANG_WARN_UNGUARDED_AVAILABILITY = YES_AGGRESSIVE;
				CLANG_WARN_UNREACHABLE_CODE = YES;
				CLANG_WARN__DUPLICATE_METHOD_MATCH = YES;
				CODE_SIGN_IDENTITY = "iPhone Developer";
				COPY_PHASE_STRIP = NO;
				DEBUG_INFORMATION_FORMAT = dwarf;
				ENABLE_STRICT_OBJC_MSGSEND = YES;
				ENABLE_TESTABILITY = YES;
				GCC_C_LANGUAGE_STANDARD = gnu11;
				GCC_DYNAMIC_NO_PIC = NO;
				GCC_NO_COMMON_BLOCKS = YES;
				GCC_OPTIMIZATION_LEVEL = 0;
				GCC_PREPROCESSOR_DEFINITIONS = (
					"DEBUG=1",
					"$(inherited)",
				);
				GCC_WARN_64_TO_32_BIT_CONVERSION = YES;
				GCC_WARN_ABOUT_RETURN_TYPE = YES_ERROR;
				GCC_WARN_UNDECLARED_SELECTOR = YES;
				GCC_WARN_UNINITIALIZED_AUTOS = YES_AGGRESSIVE;
				GCC_WARN_UNUSED_FUNCTION = YES;
				GCC_WARN_UNUSED_VARIABLE = YES;
				IPHONEOS_DEPLOYMENT_TARGET = 11.3;
				MTL_ENABLE_DEBUG_INFO = YES;
				ONLY_ACTIVE_ARCH = YES;
				SDKROOT = iphoneos;
				SWIFT_ACTIVE_COMPILATION_CONDITIONS = DEBUG;
				SWIFT_OPTIMIZATION_LEVEL = "-Onone";
			};
			name = Debug;
		};
		6D6DFBC820F719B5003C3C16 /* Release */ = {
			isa = XCBuildConfiguration;
			buildSettings = {
				ALWAYS_SEARCH_USER_PATHS = NO;
				CLANG_ANALYZER_NONNULL = YES;
				CLANG_ANALYZER_NUMBER_OBJECT_CONVERSION = YES_AGGRESSIVE;
				CLANG_CXX_LANGUAGE_STANDARD = "gnu++14";
				CLANG_CXX_LIBRARY = "libc++";
				CLANG_ENABLE_MODULES = YES;
				CLANG_ENABLE_OBJC_ARC = YES;
				CLANG_ENABLE_OBJC_WEAK = YES;
				CLANG_WARN_BLOCK_CAPTURE_AUTORELEASING = YES;
				CLANG_WARN_BOOL_CONVERSION = YES;
				CLANG_WARN_COMMA = YES;
				CLANG_WARN_CONSTANT_CONVERSION = YES;
				CLANG_WARN_DEPRECATED_OBJC_IMPLEMENTATIONS = YES;
				CLANG_WARN_DIRECT_OBJC_ISA_USAGE = YES_ERROR;
				CLANG_WARN_DOCUMENTATION_COMMENTS = YES;
				CLANG_WARN_EMPTY_BODY = YES;
				CLANG_WARN_ENUM_CONVERSION = YES;
				CLANG_WARN_INFINITE_RECURSION = YES;
				CLANG_WARN_INT_CONVERSION = YES;
				CLANG_WARN_NON_LITERAL_NULL_CONVERSION = YES;
				CLANG_WARN_OBJC_IMPLICIT_RETAIN_SELF = YES;
				CLANG_WARN_OBJC_LITERAL_CONVERSION = YES;
				CLANG_WARN_OBJC_ROOT_CLASS = YES_ERROR;
				CLANG_WARN_RANGE_LOOP_ANALYSIS = YES;
				CLANG_WARN_STRICT_PROTOTYPES = YES;
				CLANG_WARN_SUSPICIOUS_MOVE = YES;
				CLANG_WARN_UNGUARDED_AVAILABILITY = YES_AGGRESSIVE;
				CLANG_WARN_UNREACHABLE_CODE = YES;
				CLANG_WARN__DUPLICATE_METHOD_MATCH = YES;
				CODE_SIGN_IDENTITY = "iPhone Developer";
				COPY_PHASE_STRIP = NO;
				DEBUG_INFORMATION_FORMAT = "dwarf-with-dsym";
				ENABLE_NS_ASSERTIONS = NO;
				ENABLE_STRICT_OBJC_MSGSEND = YES;
				GCC_C_LANGUAGE_STANDARD = gnu11;
				GCC_NO_COMMON_BLOCKS = YES;
				GCC_WARN_64_TO_32_BIT_CONVERSION = YES;
				GCC_WARN_ABOUT_RETURN_TYPE = YES_ERROR;
				GCC_WARN_UNDECLARED_SELECTOR = YES;
				GCC_WARN_UNINITIALIZED_AUTOS = YES_AGGRESSIVE;
				GCC_WARN_UNUSED_FUNCTION = YES;
				GCC_WARN_UNUSED_VARIABLE = YES;
				IPHONEOS_DEPLOYMENT_TARGET = 11.3;
				MTL_ENABLE_DEBUG_INFO = NO;
				SDKROOT = iphoneos;
				SWIFT_COMPILATION_MODE = wholemodule;
				SWIFT_OPTIMIZATION_LEVEL = "-O";
				VALIDATE_PRODUCT = YES;
			};
			name = Release;
		};
		6D6DFBCA20F719B5003C3C16 /* Debug */ = {
			isa = XCBuildConfiguration;
			buildSettings = {
				ASSETCATALOG_COMPILER_APPICON_NAME = AppIcon;
				CODE_SIGN_STYLE = Automatic;
				DEVELOPMENT_TEAM = 33B295V8W5;
				INFOPLIST_FILE = "bitrise-playground/Info.plist";
				LD_RUNPATH_SEARCH_PATHS = (
					"$(inherited)",
					"@executable_path/Frameworks",
				);
				PRODUCT_BUNDLE_IDENTIFIER = "net.hakashun.bitrise-playground";
				PRODUCT_NAME = "$(TARGET_NAME)";
				SWIFT_VERSION = 4.0;
				TARGETED_DEVICE_FAMILY = "1,2";
			};
			name = Debug;
		};
		6D6DFBCB20F719B5003C3C16 /* Release */ = {
			isa = XCBuildConfiguration;
			buildSettings = {
				ASSETCATALOG_COMPILER_APPICON_NAME = AppIcon;
				CODE_SIGN_STYLE = Automatic;
				DEVELOPMENT_TEAM = 33B295V8W5;
				INFOPLIST_FILE = "bitrise-playground/Info.plist";
				LD_RUNPATH_SEARCH_PATHS = (
					"$(inherited)",
					"@executable_path/Frameworks",
				);
				PRODUCT_BUNDLE_IDENTIFIER = "net.hakashun.bitrise-playground";
				PRODUCT_NAME = "$(TARGET_NAME)";
				SWIFT_VERSION = 4.0;
				TARGETED_DEVICE_FAMILY = "1,2";
			};
			name = Release;
		};
		6D6DFBCD20F719B5003C3C16 /* Debug */ = {
			isa = XCBuildConfiguration;
			buildSettings = {
				ALWAYS_EMBED_SWIFT_STANDARD_LIBRARIES = YES;
				BUNDLE_LOADER = "$(TEST_HOST)";
				CODE_SIGN_STYLE = Automatic;
				DEVELOPMENT_TEAM = 33B295V8W5;
				INFOPLIST_FILE = "bitrise-playgroundTests/Info.plist";
				LD_RUNPATH_SEARCH_PATHS = (
					"$(inherited)",
					"@executable_path/Frameworks",
					"@loader_path/Frameworks",
				);
				PRODUCT_BUNDLE_IDENTIFIER = "net.hakashun.bitrise-playgroundTests";
				PRODUCT_NAME = "$(TARGET_NAME)";
				SWIFT_VERSION = 4.0;
				TARGETED_DEVICE_FAMILY = "1,2";
				TEST_HOST = "$(BUILT_PRODUCTS_DIR)/bitrise-playground.app/bitrise-playground";
			};
			name = Debug;
		};
		6D6DFBCE20F719B5003C3C16 /* Release */ = {
			isa = XCBuildConfiguration;
			buildSettings = {
				ALWAYS_EMBED_SWIFT_STANDARD_LIBRARIES = YES;
				BUNDLE_LOADER = "$(TEST_HOST)";
				CODE_SIGN_STYLE = Automatic;
				DEVELOPMENT_TEAM = 33B295V8W5;
				INFOPLIST_FILE = "bitrise-playgroundTests/Info.plist";
				LD_RUNPATH_SEARCH_PATHS = (
					"$(inherited)",
					"@executable_path/Frameworks",
					"@loader_path/Frameworks",
				);
				PRODUCT_BUNDLE_IDENTIFIER = "net.hakashun.bitrise-playgroundTests";
				PRODUCT_NAME = "$(TARGET_NAME)";
				SWIFT_VERSION = 4.0;
				TARGETED_DEVICE_FAMILY = "1,2";
				TEST_HOST = "$(BUILT_PRODUCTS_DIR)/bitrise-playground.app/bitrise-playground";
			};
			name = Release;
		};
		6D6DFBD020F719B5003C3C16 /* Debug */ = {
			isa = XCBuildConfiguration;
			buildSettings = {
				ALWAYS_EMBED_SWIFT_STANDARD_LIBRARIES = YES;
				CODE_SIGN_STYLE = Automatic;
				DEVELOPMENT_TEAM = 33B295V8W5;
				INFOPLIST_FILE = "bitrise-playgroundUITests/Info.plist";
				LD_RUNPATH_SEARCH_PATHS = (
					"$(inherited)",
					"@executable_path/Frameworks",
					"@loader_path/Frameworks",
				);
				PRODUCT_BUNDLE_IDENTIFIER = "net.hakashun.bitrise-playgroundUITests";
				PRODUCT_NAME = "$(TARGET_NAME)";
				SWIFT_VERSION = 4.0;
				TARGETED_DEVICE_FAMILY = "1,2";
				TEST_TARGET_NAME = "bitrise-playground";
			};
			name = Debug;
		};
		6D6DFBD120F719B5003C3C16 /* Release */ = {
			isa = XCBuildConfiguration;
			buildSettings = {
				ALWAYS_EMBED_SWIFT_STANDARD_LIBRARIES = YES;
				CODE_SIGN_STYLE = Automatic;
				DEVELOPMENT_TEAM = 33B295V8W5;
				INFOPLIST_FILE = "bitrise-playgroundUITests/Info.plist";
				LD_RUNPATH_SEARCH_PATHS = (
					"$(inherited)",
					"@executable_path/Frameworks",
					"@loader_path/Frameworks",
				);
				PRODUCT_BUNDLE_IDENTIFIER = "net.hakashun.bitrise-playgroundUITests";
				PRODUCT_NAME = "$(TARGET_NAME)";
				SWIFT_VERSION = 4.0;
				TARGETED_DEVICE_FAMILY = "1,2";
				TEST_TARGET_NAME = "bitrise-playground";
			};
			name = Release;
		};
/* End XCBuildConfiguration section */

/* Begin XCConfigurationList section */
		6D6DFB9C20F719B3003C3C16 /* Build configuration list for PBXProject "bitrise-playground" */ = {
			isa = XCConfigurationList;
			buildConfigurations = (
				6D6DFBC720F719B5003C3C16 /* Debug */,
				6D6DFBC820F719B5003C3C16 /* Release */,
			);
			defaultConfigurationIsVisible = 0;
			defaultConfigurationName = Release;
		};
		6D6DFBC920F719B5003C3C16 /* Build configuration list for PBXNativeTarget "bitrise-playground" */ = {
			isa = XCConfigurationList;
			buildConfigurations = (
				6D6DFBCA20F719B5003C3C16 /* Debug */,
				6D6DFBCB20F719B5003C3C16 /* Release */,
			);
			defaultConfigurationIsVisible = 0;
			defaultConfigurationName = Release;
		};
		6D6DFBCC20F719B5003C3C16 /* Build configuration list for PBXNativeTarget "bitrise-playgroundTests" */ = {
			isa = XCConfigurationList;
			buildConfigurations = (
				6D6DFBCD20F719B5003C3C16 /* Debug */,
				6D6DFBCE20F719B5003C3C16 /* Release */,
			);
			defaultConfigurationIsVisible = 0;
			defaultConfigurationName = Release;
		};
		6D6DFBCF20F719B5003C3C16 /* Build configuration list for PBXNativeTarget "bitrise-playgroundUITests" */ = {
			isa = XCConfigurationList;
			buildConfigurations = (
				6D6DFBD020F719B5003C3C16 /* Debug */,
				6D6DFBD120F719B5003C3C16 /* Release */,
			);
			defaultConfigurationIsVisible = 0;
			defaultConfigurationName = Release;
		};
/* End XCConfigurationList section */
	};
	rootObject = 6D6DFB9920F719B3003C3C16 /* Project object */;
}
